
Microsoft Visual Studio Solution File, Format Version 12.00
# Visual Studio Version 16
VisualStudioVersion = 16.0.31005.135
MinimumVisualStudioVersion = 10.0.40219.1
Project("{FAE04EC0-301F-11D3-BF4B-00C04F79EFBC}") = "Converter3.Android", "Converter3\Converter3.Android\Converter3.Android.csproj", "{1BDF1448-27D0-43D8-8CBB-64188448E5AA}"
EndProject
Project("{FAE04EC0-301F-11D3-BF4B-00C04F79EFBC}") = "Converter3.iOS", "Converter3\Converter3.iOS\Converter3.iOS.csproj", "{16D4132E-1563-4177-9861-B0A6B755FE2C}"
EndProject
Project("{FAE04EC0-301F-11D3-BF4B-00C04F79EFBC}") = "Converter3", "Converter3\Converter3\Converter3.csproj", "{EAD82641-6B53-420E-8658-4BDAF00C4EF6}"
EndProject
Global
	GlobalSection(SolutionConfigurationPlatforms) = preSolution
		Debug|Any CPU = Debug|Any CPU
		Debug|iPhone = Debug|iPhone
		Debug|iPhoneSimulator = Debug|iPhoneSimulator
		Release|Any CPU = Release|Any CPU
		Release|iPhone = Release|iPhone
		Release|iPhoneSimulator = Release|iPhoneSimulator
	EndGlobalSection
	GlobalSection(ProjectConfigurationPlatforms) = postSolution
		{1BDF1448-27D0-43D8-8CBB-64188448E5AA}.Debug|Any CPU.ActiveCfg = Debug|Any CPU
		{1BDF1448-27D0-43D8-8CBB-64188448E5AA}.Debug|Any CPU.Build.0 = Debug|Any CPU
		{1BDF1448-27D0-43D8-8CBB-64188448E5AA}.Debug|Any CPU.Deploy.0 = Debug|Any CPU
		{1BDF1448-27D0-43D8-8CBB-64188448E5AA}.Debug|iPhone.ActiveCfg = Debug|Any CPU
		{1BDF1448-27D0-43D8-8CBB-64188448E5AA}.Debug|iPhone.Build.0 = Debug|Any CPU
		{1BDF1448-27D0-43D8-8CBB-64188448E5AA}.Debug|iPhone.Deploy.0 = Debug|Any CPU
		{1BDF1448-27D0-43D8-8CBB-64188448E5AA}.Debug|iPhoneSimulator.ActiveCfg = Debug|Any CPU
		{1BDF1448-27D0-43D8-8CBB-64188448E5AA}.Debug|iPhoneSimulator.Build.0 = Debug|Any CPU
		{1BDF1448-27D0-43D8-8CBB-64188448E5AA}.Debug|iPhoneSimulator.Deploy.0 = Debug|Any CPU
		{1BDF1448-27D0-43D8-8CBB-64188448E5AA}.Release|Any CPU.ActiveCfg = Release|Any CPU
		{1BDF1448-27D0-43D8-8CBB-64188448E5AA}.Release|Any CPU.Build.0 = Release|Any CPU
		{1BDF1448-27D0-43D8-8CBB-64188448E5AA}.Release|Any CPU.Deploy.0 = Release|Any CPU
		{1BDF1448-27D0-43D8-8CBB-64188448E5AA}.Release|iPhone.ActiveCfg = Release|Any CPU
		{1BDF1448-27D0-43D8-8CBB-64188448E5AA}.Release|iPhone.Build.0 = Release|Any CPU
		{1BDF1448-27D0-43D8-8CBB-64188448E5AA}.Release|iPhone.Deploy.0 = Release|Any CPU
		{1BDF1448-27D0-43D8-8CBB-64188448E5AA}.Release|iPhoneSimulator.ActiveCfg = Release|Any CPU
		{1BDF1448-27D0-43D8-8CBB-64188448E5AA}.Release|iPhoneSimulator.Build.0 = Release|Any CPU
		{1BDF1448-27D0-43D8-8CBB-64188448E5AA}.Release|iPhoneSimulator.Deploy.0 = Release|Any CPU
		{16D4132E-1563-4177-9861-B0A6B755FE2C}.Debug|Any CPU.ActiveCfg = Debug|iPhone
		{16D4132E-1563-4177-9861-B0A6B755FE2C}.Debug|Any CPU.Build.0 = Debug|iPhone
		{16D4132E-1563-4177-9861-B0A6B755FE2C}.Debug|Any CPU.Deploy.0 = Debug|iPhone
		{16D4132E-1563-4177-9861-B0A6B755FE2C}.Debug|iPhone.ActiveCfg = Debug|iPhone
		{16D4132E-1563-4177-9861-B0A6B755FE2C}.Debug|iPhone.Build.0 = Debug|iPhone
		{16D4132E-1563-4177-9861-B0A6B755FE2C}.Debug|iPhone.Deploy.0 = Debug|iPhone
		{16D4132E-1563-4177-9861-B0A6B755FE2C}.Debug|iPhoneSimulator.ActiveCfg = Debug|iPhoneSimulator
		{16D4132E-1563-4177-9861-B0A6B755FE2C}.Debug|iPhoneSimulator.Build.0 = Debug|iPhoneSimulator
		{16D4132E-1563-4177-9861-B0A6B755FE2C}.Debug|iPhoneSimulator.Deploy.0 = Debug|iPhoneSimulator
		{16D4132E-1563-4177-9861-B0A6B755FE2C}.Release|Any CPU.ActiveCfg = Release|iPhoneSimulator
		{16D4132E-1563-4177-9861-B0A6B755FE2C}.Release|Any CPU.Build.0 = Release|iPhoneSimulator
		{16D4132E-1563-4177-9861-B0A6B755FE2C}.Release|Any CPU.Deploy.0 = Release|iPhoneSimulator
		{16D4132E-1563-4177-9861-B0A6B755FE2C}.Release|iPhone.ActiveCfg = Release|iPhone
		{16D4132E-1563-4177-9861-B0A6B755FE2C}.Release|iPhone.Build.0 = Release|iPhone
		{16D4132E-1563-4177-9861-B0A6B755FE2C}.Release|iPhone.Deploy.0 = Release|iPhone
		{16D4132E-1563-4177-9861-B0A6B755FE2C}.Release|iPhoneSimulator.ActiveCfg = Release|iPhoneSimulator
		{16D4132E-1563-4177-9861-B0A6B755FE2C}.Release|iPhoneSimulator.Build.0 = Release|iPhoneSimulator
		{16D4132E-1563-4177-9861-B0A6B755FE2C}.Release|iPhoneSimulator.Deploy.0 = Release|iPhoneSimulator
		{EAD82641-6B53-420E-8658-4BDAF00C4EF6}.Debug|Any CPU.ActiveCfg = Debug|Any CPU
		{EAD82641-6B53-420E-8658-4BDAF00C4EF6}.Debug|Any CPU.Build.0 = Debug|Any CPU
		{EAD82641-6B53-420E-8658-4BDAF00C4EF6}.Debug|Any CPU.Deploy.0 = Debug|Any CPU
		{EAD82641-6B53-420E-8658-4BDAF00C4EF6}.Debug|iPhone.ActiveCfg = Debug|Any CPU
		{EAD82641-6B53-420E-8658-4BDAF00C4EF6}.Debug|iPhone.Build.0 = Debug|Any CPU
		{EAD82641-6B53-420E-8658-4BDAF00C4EF6}.Debug|iPhone.Deploy.0 = Debug|Any CPU
		{EAD82641-6B53-420E-8658-4BDAF00C4EF6}.Debug|iPhoneSimulator.ActiveCfg = Debug|Any CPU
		{EAD82641-6B53-420E-8658-4BDAF00C4EF6}.Debug|iPhoneSimulator.Build.0 = Debug|Any CPU
		{EAD82641-6B53-420E-8658-4BDAF00C4EF6}.Debug|iPhoneSimulator.Deploy.0 = Debug|Any CPU
		{EAD82641-6B53-420E-8658-4BDAF00C4EF6}.Release|Any CPU.ActiveCfg = Release|Any CPU
		{EAD82641-6B53-420E-8658-4BDAF00C4EF6}.Release|Any CPU.Build.0 = Release|Any CPU
		{EAD82641-6B53-420E-8658-4BDAF00C4EF6}.Release|Any CPU.Deploy.0 = Release|Any CPU
		{EAD82641-6B53-420E-8658-4BDAF00C4EF6}.Release|iPhone.ActiveCfg = Release|Any CPU
		{EAD82641-6B53-420E-8658-4BDAF00C4EF6}.Release|iPhone.Build.0 = Release|Any CPU
		{EAD82641-6B53-420E-8658-4BDAF00C4EF6}.Release|iPhone.Deploy.0 = Release|Any CPU
		{EAD82641-6B53-420E-8658-4BDAF00C4EF6}.Release|iPhoneSimulator.ActiveCfg = Release|Any CPU
		{EAD82641-6B53-420E-8658-4BDAF00C4EF6}.Release|iPhoneSimulator.Build.0 = Release|Any CPU
		{EAD82641-6B53-420E-8658-4BDAF00C4EF6}.Release|iPhoneSimulator.Deploy.0 = Release|Any CPU
	EndGlobalSection
	GlobalSection(SolutionProperties) = preSolution
		HideSolutionNode = FALSE
	EndGlobalSection
	GlobalSection(ExtensibilityGlobals) = postSolution
		SolutionGuid = {513FBF80-DA9C-497A-9C2B-365020C541A3}
	EndGlobalSection
EndGlobal
